
Microsoft Visual Studio Solution File, Format Version 12.00
# Visual Studio Version 17
VisualStudioVersion = 17.1.32319.34
MinimumVisualStudioVersion = 10.0.40219.1
Project("{9A19103F-16F7-4668-BE54-9A1E7A4F7556}") = "VetClinic", "VetClinic.csproj", "{F89A3F70-4649-4B24-A116-F48089405ECA}"
EndProject
Project("{FAE04EC0-301F-11D3-BF4B-00C04F79EFBC}") = "VetClinic.Domain", "..\VetClinic.Domain\VetClinic.Domain.csproj", "{5BE276CA-A047-47CF-A173-3812BAF8D653}"
EndProject
Global
	GlobalSection(SolutionConfigurationPlatforms) = preSolution
		Debug|Any CPU = Debug|Any CPU
		Release|Any CPU = Release|Any CPU
	EndGlobalSection
	GlobalSection(ProjectConfigurationPlatforms) = postSolution
		{F89A3F70-4649-4B24-A116-F48089405ECA}.Debug|Any CPU.ActiveCfg = Debug|Any CPU
		{F89A3F70-4649-4B24-A116-F48089405ECA}.Debug|Any CPU.Build.0 = Debug|Any CPU
		{F89A3F70-4649-4B24-A116-F48089405ECA}.Release|Any CPU.ActiveCfg = Release|Any CPU
		{F89A3F70-4649-4B24-A116-F48089405ECA}.Release|Any CPU.Build.0 = Release|Any CPU
		{5BE276CA-A047-47CF-A173-3812BAF8D653}.Debug|Any CPU.ActiveCfg = Debug|Any CPU
		{5BE276CA-A047-47CF-A173-3812BAF8D653}.Debug|Any CPU.Build.0 = Debug|Any CPU
		{5BE276CA-A047-47CF-A173-3812BAF8D653}.Release|Any CPU.ActiveCfg = Release|Any CPU
		{5BE276CA-A047-47CF-A173-3812BAF8D653}.Release|Any CPU.Build.0 = Release|Any CPU
	EndGlobalSection
	GlobalSection(SolutionProperties) = preSolution
		HideSolutionNode = FALSE
	EndGlobalSection
	GlobalSection(ExtensibilityGlobals) = postSolution
		SolutionGuid = {C7CF2784-D846-4CB2-928F-379748367B31}
	EndGlobalSection
EndGlobal
